
Microsoft Visual Studio Solution File, Format Version 12.00
# Visual Studio 15
VisualStudioVersion = 15.0.27130.2027
MinimumVisualStudioVersion = 10.0.40219.1
Project("{FAE04EC0-301F-11D3-BF4B-00C04F79EFBC}") = "RemotePlusServer", "src\RemotePlusServer\RemotePlusServer.csproj", "{4E41F31E-DCE5-4B9C-A2D6-20BF6ACD9C84}"
EndProject
Project("{FAE04EC0-301F-11D3-BF4B-00C04F79EFBC}") = "RemotePlusLibrary", "src\RemotePlusLibrary\RemotePlusLibrary.csproj", "{00C22A1F-D3DF-4193-AAA8-9907D08E2511}"
EndProject
Project("{FAE04EC0-301F-11D3-BF4B-00C04F79EFBC}") = "RemotePlusLibrary.Core", "src\RemotePlusLibrary.Core\RemotePlusLibrary.Core.csproj", "{0334629B-6302-42A8-B159-F8646B4D8650}"
EndProject
Project("{FAE04EC0-301F-11D3-BF4B-00C04F79EFBC}") = "RemotePlusLibrary.Extension", "src\RemotePlusLibrary.Extension\RemotePlusLibrary.Extension.csproj", "{2AA5E768-7E0A-4B0C-A0D1-F79153902DF9}"
EndProject
Project("{FAE04EC0-301F-11D3-BF4B-00C04F79EFBC}") = "ReleaseExtensions", "src\ReleaseExtensionLibraries\ReleaseExtensions\ReleaseExtensions.csproj", "{4A312E8C-FE94-4996-B2B4-55C9854075C8}"
EndProject
Project("{FAE04EC0-301F-11D3-BF4B-00C04F79EFBC}") = "RemotePlusClientCmd", "src\RemotePlusClientCmd\RemotePlusClientCmd.csproj", "{38D2EDD9-0860-4C75-8344-8BA0AC72CBF0}"
EndProject
Project("{FAE04EC0-301F-11D3-BF4B-00C04F79EFBC}") = "RemotePlusLibrary.Configuration", "src\RemotePlusLibrary.Configuration\RemotePlusLibrary.Configuration.csproj", "{8A8A5888-1CE7-46ED-B8DE-1AC7671F3426}"
EndProject
Project("{FAE04EC0-301F-11D3-BF4B-00C04F79EFBC}") = "RemotePlusClient.CommonUI", "src\RemotePlusClient.CommonUI\RemotePlusClient.CommonUI.csproj", "{9EF00D4B-27F4-4C2A-BDA7-FC47246B2064}"
EndProject
Project("{2150E333-8FDC-42A3-9474-1A3956D46DE8}") = "Extension Libraries", "Extension Libraries", "{F1A31AC8-6688-4F6C-A0BB-7A02998BB3BA}"
EndProject
Project("{FAE04EC0-301F-11D3-BF4B-00C04F79EFBC}") = "CommonWebCommands", "src\ReleaseExtensionLibraries\CommonWebCommands\CommonWebCommands.csproj", "{AB549757-6EB2-4A4A-BD87-320D9AB98301}"
EndProject
Project("{FAE04EC0-301F-11D3-BF4B-00C04F79EFBC}") = "WindowsTools", "src\ReleaseExtensionLibraries\WindowsTools\WindowsTools.csproj", "{C2E44C89-7521-4B30-B522-BECD525B1E51}"
EndProject
Project("{2150E333-8FDC-42A3-9474-1A3956D46DE8}") = "Client Tools", "Client Tools", "{226F51EE-BDDE-4542-8E89-9CCBA27DE5D7}"
EndProject
Project("{FAE04EC0-301F-11D3-BF4B-00C04F79EFBC}") = "RemotePlusLibrary.Scripting", "src\RemotePlusLibrary.Scripting\RemotePlusLibrary.Scripting.csproj", "{5C399F78-C133-4F9B-9758-C36A4B7FAE98}"
EndProject
Project("{FAE04EC0-301F-11D3-BF4B-00C04F79EFBC}") = "RemotePlusLibrary.Security", "src\RemotePlusLibrary.Security\RemotePlusLibrary.Security.csproj", "{E4E0BB7E-B995-4EBE-8EFB-3C09BF64A3A2}"
EndProject
Project("{FAE04EC0-301F-11D3-BF4B-00C04F79EFBC}") = "ProxyServer", "src\ProxyServer\ProxyServer.csproj", "{449DDC0E-ABA7-41C6-B815-690272EA0329}"
EndProject
Project("{FAE04EC0-301F-11D3-BF4B-00C04F79EFBC}") = "RemotePlusLibrary.Discovery", "src\RemotePlusLibrary.Discovery\RemotePlusLibrary.Discovery.csproj", "{FC3EB84C-D1B0-4B5C-9406-DFFA9BC5A5FC}"
EndProject
Project("{FAE04EC0-301F-11D3-BF4B-00C04F79EFBC}") = "RemotePlusServer.Core", "src\RemotePlusServer.Core\RemotePlusServer.Core.csproj", "{5669A80C-19D9-4DBE-BF5A-BBFCBF947634}"
EndProject
Project("{FAE04EC0-301F-11D3-BF4B-00C04F79EFBC}") = "DefaultServerCore", "src\DefaultServerCore\DefaultServerCore.csproj", "{97FBBC51-9569-4128-B1BC-989CC832D00F}"
EndProject
Project("{2150E333-8FDC-42A3-9474-1A3956D46DE8}") = "Server Cores", "Server Cores", "{FF88BAC9-59D9-47C1-BC0B-34A3FBE13B87}"
EndProject
Project("{FAE04EC0-301F-11D3-BF4B-00C04F79EFBC}") = "ProxyServerCore", "src\ProxyServerCore\ProxyServerCore.csproj", "{C98754D7-9A6D-4D2F-B322-4CC1AC5D98B8}"
EndProject
Project("{FAE04EC0-301F-11D3-BF4B-00C04F79EFBC}") = "RSPM", "src\RSPM\RSPM.csproj", "{D451D8D4-DC69-42A8-BAAC-97363C35F478}"
EndProject
Project("{FAE04EC0-301F-11D3-BF4B-00C04F79EFBC}") = "ArduinoRemoteExtensions", "ArduinoRemoteExtensions\ArduinoRemoteExtensions.csproj", "{F0D0AA88-A042-465A-AE22-BF641B3A16AD}"
EndProject
Project("{FAE04EC0-301F-11D3-BF4B-00C04F79EFBC}") = "ArduinoRemoteExtensionsLib", "ArduinoRemoteExtensionsLib\ArduinoRemoteExtensionsLib.csproj", "{0C297D84-7AC0-41B0-BEA8-63F0916758D7}"
EndProject
Project("{FAE04EC0-301F-11D3-BF4B-00C04F79EFBC}") = "ArduinoRemoteExtensionsProxy", "ArduinoRemoteExtensionsProxy\ArduinoRemoteExtensionsProxy.csproj", "{604310B3-1F1C-440E-BCEA-88ADC0701D8A}"
EndProject
Project("{FAE04EC0-301F-11D3-BF4B-00C04F79EFBC}") = "RemotePlusLibrary.SubSystem.Audio", "src\RemotePlus.SubSystem.Audio\RemotePlusLibrary.SubSystem.Audio.csproj", "{59D8C4D8-1EF6-4F48-8B8A-A4EF29170DD0}"
EndProject
Project("{FAE04EC0-301F-11D3-BF4B-00C04F79EFBC}") = "RemotePlusClient", "src\RemotePlusClient\RemotePlusClient.csproj", "{2CD6E69F-D473-48BA-94BB-621239957BBB}"
EndProject
Project("{FAE04EC0-301F-11D3-BF4B-00C04F79EFBC}") = "RemotePlusLibrary.SubSystem.Command", "src\RemotePlusLibrary.SubSystem.Command\RemotePlusLibrary.SubSystem.Command.csproj", "{C5145229-F6C8-432B-BF35-C8A2EBC2295F}"
EndProject
Project("{FAE04EC0-301F-11D3-BF4B-00C04F79EFBC}") = "RemotePlusLibrary.SubSystem.Workflow", "src\RemotePlusLibrary.SubSystem.Workflow\RemotePlusLibrary.SubSystem.Workflow.csproj", "{A38779D7-8A28-4F55-A803-A20F518E9339}"
EndProject
Project("{FAE04EC0-301F-11D3-BF4B-00C04F79EFBC}") = "TestWorkflowExtensionLibrary", "src\ReleaseExtensionLibraries\TestWorkflowLibrary\TestWorkflowExtensionLibrary.csproj", "{C1A67853-21DB-47EA-BD92-AAAF976812FB}"
EndProject
Project("{FAE04EC0-301F-11D3-BF4B-00C04F79EFBC}") = "RemotePlusLibrary.SubSystem.Workflow.Server", "src\RemotePlusLibrary.SubSystem.Workflow.Server\RemotePlusLibrary.SubSystem.Workflow.Server.csproj", "{BE3AD1CB-8066-444A-A8CC-6483319C35CE}"
EndProject
Global
	GlobalSection(SolutionConfigurationPlatforms) = preSolution
		Debug|Any CPU = Debug|Any CPU
		Debug|x86 = Debug|x86
		DebugLocal|Any CPU = DebugLocal|Any CPU
		DebugLocal|x86 = DebugLocal|x86
		Release|Any CPU = Release|Any CPU
		Release|x86 = Release|x86
	EndGlobalSection
	GlobalSection(ProjectConfigurationPlatforms) = postSolution
		{4E41F31E-DCE5-4B9C-A2D6-20BF6ACD9C84}.Debug|Any CPU.ActiveCfg = Debug|Any CPU
		{4E41F31E-DCE5-4B9C-A2D6-20BF6ACD9C84}.Debug|Any CPU.Build.0 = Debug|Any CPU
		{4E41F31E-DCE5-4B9C-A2D6-20BF6ACD9C84}.Debug|x86.ActiveCfg = Debug|Any CPU
		{4E41F31E-DCE5-4B9C-A2D6-20BF6ACD9C84}.Debug|x86.Build.0 = Debug|Any CPU
		{4E41F31E-DCE5-4B9C-A2D6-20BF6ACD9C84}.DebugLocal|Any CPU.ActiveCfg = Debug|Any CPU
		{4E41F31E-DCE5-4B9C-A2D6-20BF6ACD9C84}.DebugLocal|Any CPU.Build.0 = Debug|Any CPU
		{4E41F31E-DCE5-4B9C-A2D6-20BF6ACD9C84}.DebugLocal|x86.ActiveCfg = Debug|Any CPU
		{4E41F31E-DCE5-4B9C-A2D6-20BF6ACD9C84}.DebugLocal|x86.Build.0 = Debug|Any CPU
		{4E41F31E-DCE5-4B9C-A2D6-20BF6ACD9C84}.Release|Any CPU.ActiveCfg = Release|Any CPU
		{4E41F31E-DCE5-4B9C-A2D6-20BF6ACD9C84}.Release|Any CPU.Build.0 = Release|Any CPU
		{4E41F31E-DCE5-4B9C-A2D6-20BF6ACD9C84}.Release|x86.ActiveCfg = Release|Any CPU
		{4E41F31E-DCE5-4B9C-A2D6-20BF6ACD9C84}.Release|x86.Build.0 = Release|Any CPU
		{00C22A1F-D3DF-4193-AAA8-9907D08E2511}.Debug|Any CPU.ActiveCfg = Debug|Any CPU
		{00C22A1F-D3DF-4193-AAA8-9907D08E2511}.Debug|Any CPU.Build.0 = Debug|Any CPU
		{00C22A1F-D3DF-4193-AAA8-9907D08E2511}.Debug|x86.ActiveCfg = Debug|Any CPU
		{00C22A1F-D3DF-4193-AAA8-9907D08E2511}.Debug|x86.Build.0 = Debug|Any CPU
		{00C22A1F-D3DF-4193-AAA8-9907D08E2511}.DebugLocal|Any CPU.ActiveCfg = Debug|Any CPU
		{00C22A1F-D3DF-4193-AAA8-9907D08E2511}.DebugLocal|Any CPU.Build.0 = Debug|Any CPU
		{00C22A1F-D3DF-4193-AAA8-9907D08E2511}.DebugLocal|x86.ActiveCfg = Debug|Any CPU
		{00C22A1F-D3DF-4193-AAA8-9907D08E2511}.DebugLocal|x86.Build.0 = Debug|Any CPU
		{00C22A1F-D3DF-4193-AAA8-9907D08E2511}.Release|Any CPU.ActiveCfg = Release|Any CPU
		{00C22A1F-D3DF-4193-AAA8-9907D08E2511}.Release|Any CPU.Build.0 = Release|Any CPU
		{00C22A1F-D3DF-4193-AAA8-9907D08E2511}.Release|x86.ActiveCfg = Release|Any CPU
		{00C22A1F-D3DF-4193-AAA8-9907D08E2511}.Release|x86.Build.0 = Release|Any CPU
		{0334629B-6302-42A8-B159-F8646B4D8650}.Debug|Any CPU.ActiveCfg = Debug|Any CPU
		{0334629B-6302-42A8-B159-F8646B4D8650}.Debug|Any CPU.Build.0 = Debug|Any CPU
		{0334629B-6302-42A8-B159-F8646B4D8650}.Debug|x86.ActiveCfg = Debug|Any CPU
		{0334629B-6302-42A8-B159-F8646B4D8650}.Debug|x86.Build.0 = Debug|Any CPU
		{0334629B-6302-42A8-B159-F8646B4D8650}.DebugLocal|Any CPU.ActiveCfg = Debug|Any CPU
		{0334629B-6302-42A8-B159-F8646B4D8650}.DebugLocal|Any CPU.Build.0 = Debug|Any CPU
		{0334629B-6302-42A8-B159-F8646B4D8650}.DebugLocal|x86.ActiveCfg = Debug|Any CPU
		{0334629B-6302-42A8-B159-F8646B4D8650}.DebugLocal|x86.Build.0 = Debug|Any CPU
		{0334629B-6302-42A8-B159-F8646B4D8650}.Release|Any CPU.ActiveCfg = Release|Any CPU
		{0334629B-6302-42A8-B159-F8646B4D8650}.Release|Any CPU.Build.0 = Release|Any CPU
		{0334629B-6302-42A8-B159-F8646B4D8650}.Release|x86.ActiveCfg = Release|Any CPU
		{0334629B-6302-42A8-B159-F8646B4D8650}.Release|x86.Build.0 = Release|Any CPU
		{2AA5E768-7E0A-4B0C-A0D1-F79153902DF9}.Debug|Any CPU.ActiveCfg = Debug|Any CPU
		{2AA5E768-7E0A-4B0C-A0D1-F79153902DF9}.Debug|Any CPU.Build.0 = Debug|Any CPU
		{2AA5E768-7E0A-4B0C-A0D1-F79153902DF9}.Debug|x86.ActiveCfg = Debug|Any CPU
		{2AA5E768-7E0A-4B0C-A0D1-F79153902DF9}.Debug|x86.Build.0 = Debug|Any CPU
		{2AA5E768-7E0A-4B0C-A0D1-F79153902DF9}.DebugLocal|Any CPU.ActiveCfg = Debug|Any CPU
		{2AA5E768-7E0A-4B0C-A0D1-F79153902DF9}.DebugLocal|Any CPU.Build.0 = Debug|Any CPU
		{2AA5E768-7E0A-4B0C-A0D1-F79153902DF9}.DebugLocal|x86.ActiveCfg = Debug|Any CPU
		{2AA5E768-7E0A-4B0C-A0D1-F79153902DF9}.DebugLocal|x86.Build.0 = Debug|Any CPU
		{2AA5E768-7E0A-4B0C-A0D1-F79153902DF9}.Release|Any CPU.ActiveCfg = Release|Any CPU
		{2AA5E768-7E0A-4B0C-A0D1-F79153902DF9}.Release|Any CPU.Build.0 = Release|Any CPU
		{2AA5E768-7E0A-4B0C-A0D1-F79153902DF9}.Release|x86.ActiveCfg = Release|Any CPU
		{2AA5E768-7E0A-4B0C-A0D1-F79153902DF9}.Release|x86.Build.0 = Release|Any CPU
		{4A312E8C-FE94-4996-B2B4-55C9854075C8}.Debug|Any CPU.ActiveCfg = Debug|Any CPU
		{4A312E8C-FE94-4996-B2B4-55C9854075C8}.Debug|Any CPU.Build.0 = Debug|Any CPU
		{4A312E8C-FE94-4996-B2B4-55C9854075C8}.Debug|x86.ActiveCfg = Debug|Any CPU
		{4A312E8C-FE94-4996-B2B4-55C9854075C8}.Debug|x86.Build.0 = Debug|Any CPU
		{4A312E8C-FE94-4996-B2B4-55C9854075C8}.DebugLocal|Any CPU.ActiveCfg = Debug|Any CPU
		{4A312E8C-FE94-4996-B2B4-55C9854075C8}.DebugLocal|Any CPU.Build.0 = Debug|Any CPU
		{4A312E8C-FE94-4996-B2B4-55C9854075C8}.DebugLocal|x86.ActiveCfg = Debug|Any CPU
		{4A312E8C-FE94-4996-B2B4-55C9854075C8}.DebugLocal|x86.Build.0 = Debug|Any CPU
		{4A312E8C-FE94-4996-B2B4-55C9854075C8}.Release|Any CPU.ActiveCfg = Release|Any CPU
		{4A312E8C-FE94-4996-B2B4-55C9854075C8}.Release|Any CPU.Build.0 = Release|Any CPU
		{4A312E8C-FE94-4996-B2B4-55C9854075C8}.Release|x86.ActiveCfg = Release|Any CPU
		{4A312E8C-FE94-4996-B2B4-55C9854075C8}.Release|x86.Build.0 = Release|Any CPU
		{38D2EDD9-0860-4C75-8344-8BA0AC72CBF0}.Debug|Any CPU.ActiveCfg = Debug|Any CPU
		{38D2EDD9-0860-4C75-8344-8BA0AC72CBF0}.Debug|Any CPU.Build.0 = Debug|Any CPU
		{38D2EDD9-0860-4C75-8344-8BA0AC72CBF0}.Debug|x86.ActiveCfg = Debug|Any CPU
		{38D2EDD9-0860-4C75-8344-8BA0AC72CBF0}.Debug|x86.Build.0 = Debug|Any CPU
		{38D2EDD9-0860-4C75-8344-8BA0AC72CBF0}.DebugLocal|Any CPU.ActiveCfg = Debug|Any CPU
		{38D2EDD9-0860-4C75-8344-8BA0AC72CBF0}.DebugLocal|Any CPU.Build.0 = Debug|Any CPU
		{38D2EDD9-0860-4C75-8344-8BA0AC72CBF0}.DebugLocal|x86.ActiveCfg = Debug|Any CPU
		{38D2EDD9-0860-4C75-8344-8BA0AC72CBF0}.DebugLocal|x86.Build.0 = Debug|Any CPU
		{38D2EDD9-0860-4C75-8344-8BA0AC72CBF0}.Release|Any CPU.ActiveCfg = Release|Any CPU
		{38D2EDD9-0860-4C75-8344-8BA0AC72CBF0}.Release|Any CPU.Build.0 = Release|Any CPU
		{38D2EDD9-0860-4C75-8344-8BA0AC72CBF0}.Release|x86.ActiveCfg = Release|Any CPU
		{38D2EDD9-0860-4C75-8344-8BA0AC72CBF0}.Release|x86.Build.0 = Release|Any CPU
		{8A8A5888-1CE7-46ED-B8DE-1AC7671F3426}.Debug|Any CPU.ActiveCfg = Debug|Any CPU
		{8A8A5888-1CE7-46ED-B8DE-1AC7671F3426}.Debug|Any CPU.Build.0 = Debug|Any CPU
		{8A8A5888-1CE7-46ED-B8DE-1AC7671F3426}.Debug|x86.ActiveCfg = Debug|Any CPU
		{8A8A5888-1CE7-46ED-B8DE-1AC7671F3426}.Debug|x86.Build.0 = Debug|Any CPU
		{8A8A5888-1CE7-46ED-B8DE-1AC7671F3426}.DebugLocal|Any CPU.ActiveCfg = Debug|Any CPU
		{8A8A5888-1CE7-46ED-B8DE-1AC7671F3426}.DebugLocal|Any CPU.Build.0 = Debug|Any CPU
		{8A8A5888-1CE7-46ED-B8DE-1AC7671F3426}.DebugLocal|x86.ActiveCfg = Debug|Any CPU
		{8A8A5888-1CE7-46ED-B8DE-1AC7671F3426}.DebugLocal|x86.Build.0 = Debug|Any CPU
		{8A8A5888-1CE7-46ED-B8DE-1AC7671F3426}.Release|Any CPU.ActiveCfg = Release|Any CPU
		{8A8A5888-1CE7-46ED-B8DE-1AC7671F3426}.Release|Any CPU.Build.0 = Release|Any CPU
		{8A8A5888-1CE7-46ED-B8DE-1AC7671F3426}.Release|x86.ActiveCfg = Release|Any CPU
		{8A8A5888-1CE7-46ED-B8DE-1AC7671F3426}.Release|x86.Build.0 = Release|Any CPU
		{9EF00D4B-27F4-4C2A-BDA7-FC47246B2064}.Debug|Any CPU.ActiveCfg = Debug|Any CPU
		{9EF00D4B-27F4-4C2A-BDA7-FC47246B2064}.Debug|Any CPU.Build.0 = Debug|Any CPU
		{9EF00D4B-27F4-4C2A-BDA7-FC47246B2064}.Debug|x86.ActiveCfg = Debug|Any CPU
		{9EF00D4B-27F4-4C2A-BDA7-FC47246B2064}.Debug|x86.Build.0 = Debug|Any CPU
		{9EF00D4B-27F4-4C2A-BDA7-FC47246B2064}.DebugLocal|Any CPU.ActiveCfg = Debug|Any CPU
		{9EF00D4B-27F4-4C2A-BDA7-FC47246B2064}.DebugLocal|Any CPU.Build.0 = Debug|Any CPU
		{9EF00D4B-27F4-4C2A-BDA7-FC47246B2064}.DebugLocal|x86.ActiveCfg = Debug|Any CPU
		{9EF00D4B-27F4-4C2A-BDA7-FC47246B2064}.DebugLocal|x86.Build.0 = Debug|Any CPU
		{9EF00D4B-27F4-4C2A-BDA7-FC47246B2064}.Release|Any CPU.ActiveCfg = Release|Any CPU
		{9EF00D4B-27F4-4C2A-BDA7-FC47246B2064}.Release|Any CPU.Build.0 = Release|Any CPU
		{9EF00D4B-27F4-4C2A-BDA7-FC47246B2064}.Release|x86.ActiveCfg = Release|Any CPU
		{9EF00D4B-27F4-4C2A-BDA7-FC47246B2064}.Release|x86.Build.0 = Release|Any CPU
		{AB549757-6EB2-4A4A-BD87-320D9AB98301}.Debug|Any CPU.ActiveCfg = Debug|Any CPU
		{AB549757-6EB2-4A4A-BD87-320D9AB98301}.Debug|Any CPU.Build.0 = Debug|Any CPU
		{AB549757-6EB2-4A4A-BD87-320D9AB98301}.Debug|x86.ActiveCfg = Debug|Any CPU
		{AB549757-6EB2-4A4A-BD87-320D9AB98301}.Debug|x86.Build.0 = Debug|Any CPU
		{AB549757-6EB2-4A4A-BD87-320D9AB98301}.DebugLocal|Any CPU.ActiveCfg = Debug|Any CPU
		{AB549757-6EB2-4A4A-BD87-320D9AB98301}.DebugLocal|Any CPU.Build.0 = Debug|Any CPU
		{AB549757-6EB2-4A4A-BD87-320D9AB98301}.DebugLocal|x86.ActiveCfg = Debug|Any CPU
		{AB549757-6EB2-4A4A-BD87-320D9AB98301}.DebugLocal|x86.Build.0 = Debug|Any CPU
		{AB549757-6EB2-4A4A-BD87-320D9AB98301}.Release|Any CPU.ActiveCfg = Release|Any CPU
		{AB549757-6EB2-4A4A-BD87-320D9AB98301}.Release|Any CPU.Build.0 = Release|Any CPU
		{AB549757-6EB2-4A4A-BD87-320D9AB98301}.Release|x86.ActiveCfg = Release|Any CPU
		{AB549757-6EB2-4A4A-BD87-320D9AB98301}.Release|x86.Build.0 = Release|Any CPU
		{C2E44C89-7521-4B30-B522-BECD525B1E51}.Debug|Any CPU.ActiveCfg = Debug|Any CPU
		{C2E44C89-7521-4B30-B522-BECD525B1E51}.Debug|Any CPU.Build.0 = Debug|Any CPU
		{C2E44C89-7521-4B30-B522-BECD525B1E51}.Debug|x86.ActiveCfg = Debug|Any CPU
		{C2E44C89-7521-4B30-B522-BECD525B1E51}.Debug|x86.Build.0 = Debug|Any CPU
		{C2E44C89-7521-4B30-B522-BECD525B1E51}.DebugLocal|Any CPU.ActiveCfg = Debug|Any CPU
		{C2E44C89-7521-4B30-B522-BECD525B1E51}.DebugLocal|Any CPU.Build.0 = Debug|Any CPU
		{C2E44C89-7521-4B30-B522-BECD525B1E51}.DebugLocal|x86.ActiveCfg = Debug|Any CPU
		{C2E44C89-7521-4B30-B522-BECD525B1E51}.DebugLocal|x86.Build.0 = Debug|Any CPU
		{C2E44C89-7521-4B30-B522-BECD525B1E51}.Release|Any CPU.ActiveCfg = Release|Any CPU
		{C2E44C89-7521-4B30-B522-BECD525B1E51}.Release|Any CPU.Build.0 = Release|Any CPU
		{C2E44C89-7521-4B30-B522-BECD525B1E51}.Release|x86.ActiveCfg = Release|Any CPU
		{C2E44C89-7521-4B30-B522-BECD525B1E51}.Release|x86.Build.0 = Release|Any CPU
		{5C399F78-C133-4F9B-9758-C36A4B7FAE98}.Debug|Any CPU.ActiveCfg = Debug|Any CPU
		{5C399F78-C133-4F9B-9758-C36A4B7FAE98}.Debug|Any CPU.Build.0 = Debug|Any CPU
		{5C399F78-C133-4F9B-9758-C36A4B7FAE98}.Debug|x86.ActiveCfg = Debug|Any CPU
		{5C399F78-C133-4F9B-9758-C36A4B7FAE98}.Debug|x86.Build.0 = Debug|Any CPU
		{5C399F78-C133-4F9B-9758-C36A4B7FAE98}.DebugLocal|Any CPU.ActiveCfg = Debug|Any CPU
		{5C399F78-C133-4F9B-9758-C36A4B7FAE98}.DebugLocal|Any CPU.Build.0 = Debug|Any CPU
		{5C399F78-C133-4F9B-9758-C36A4B7FAE98}.DebugLocal|x86.ActiveCfg = Debug|Any CPU
		{5C399F78-C133-4F9B-9758-C36A4B7FAE98}.DebugLocal|x86.Build.0 = Debug|Any CPU
		{5C399F78-C133-4F9B-9758-C36A4B7FAE98}.Release|Any CPU.ActiveCfg = Release|Any CPU
		{5C399F78-C133-4F9B-9758-C36A4B7FAE98}.Release|Any CPU.Build.0 = Release|Any CPU
		{5C399F78-C133-4F9B-9758-C36A4B7FAE98}.Release|x86.ActiveCfg = Release|Any CPU
		{5C399F78-C133-4F9B-9758-C36A4B7FAE98}.Release|x86.Build.0 = Release|Any CPU
		{E4E0BB7E-B995-4EBE-8EFB-3C09BF64A3A2}.Debug|Any CPU.ActiveCfg = Debug|Any CPU
		{E4E0BB7E-B995-4EBE-8EFB-3C09BF64A3A2}.Debug|Any CPU.Build.0 = Debug|Any CPU
		{E4E0BB7E-B995-4EBE-8EFB-3C09BF64A3A2}.Debug|x86.ActiveCfg = Debug|Any CPU
		{E4E0BB7E-B995-4EBE-8EFB-3C09BF64A3A2}.Debug|x86.Build.0 = Debug|Any CPU
		{E4E0BB7E-B995-4EBE-8EFB-3C09BF64A3A2}.DebugLocal|Any CPU.ActiveCfg = Debug|Any CPU
		{E4E0BB7E-B995-4EBE-8EFB-3C09BF64A3A2}.DebugLocal|Any CPU.Build.0 = Debug|Any CPU
		{E4E0BB7E-B995-4EBE-8EFB-3C09BF64A3A2}.DebugLocal|x86.ActiveCfg = Debug|Any CPU
		{E4E0BB7E-B995-4EBE-8EFB-3C09BF64A3A2}.DebugLocal|x86.Build.0 = Debug|Any CPU
		{E4E0BB7E-B995-4EBE-8EFB-3C09BF64A3A2}.Release|Any CPU.ActiveCfg = Release|Any CPU
		{E4E0BB7E-B995-4EBE-8EFB-3C09BF64A3A2}.Release|Any CPU.Build.0 = Release|Any CPU
		{E4E0BB7E-B995-4EBE-8EFB-3C09BF64A3A2}.Release|x86.ActiveCfg = Release|Any CPU
		{E4E0BB7E-B995-4EBE-8EFB-3C09BF64A3A2}.Release|x86.Build.0 = Release|Any CPU
		{449DDC0E-ABA7-41C6-B815-690272EA0329}.Debug|Any CPU.ActiveCfg = Debug|Any CPU
		{449DDC0E-ABA7-41C6-B815-690272EA0329}.Debug|Any CPU.Build.0 = Debug|Any CPU
		{449DDC0E-ABA7-41C6-B815-690272EA0329}.Debug|x86.ActiveCfg = Debug|Any CPU
		{449DDC0E-ABA7-41C6-B815-690272EA0329}.Debug|x86.Build.0 = Debug|Any CPU
		{449DDC0E-ABA7-41C6-B815-690272EA0329}.DebugLocal|Any CPU.ActiveCfg = Debug|Any CPU
		{449DDC0E-ABA7-41C6-B815-690272EA0329}.DebugLocal|Any CPU.Build.0 = Debug|Any CPU
		{449DDC0E-ABA7-41C6-B815-690272EA0329}.DebugLocal|x86.ActiveCfg = Debug|Any CPU
		{449DDC0E-ABA7-41C6-B815-690272EA0329}.DebugLocal|x86.Build.0 = Debug|Any CPU
		{449DDC0E-ABA7-41C6-B815-690272EA0329}.Release|Any CPU.ActiveCfg = Release|Any CPU
		{449DDC0E-ABA7-41C6-B815-690272EA0329}.Release|Any CPU.Build.0 = Release|Any CPU
		{449DDC0E-ABA7-41C6-B815-690272EA0329}.Release|x86.ActiveCfg = Release|Any CPU
		{449DDC0E-ABA7-41C6-B815-690272EA0329}.Release|x86.Build.0 = Release|Any CPU
		{FC3EB84C-D1B0-4B5C-9406-DFFA9BC5A5FC}.Debug|Any CPU.ActiveCfg = Debug|Any CPU
		{FC3EB84C-D1B0-4B5C-9406-DFFA9BC5A5FC}.Debug|Any CPU.Build.0 = Debug|Any CPU
		{FC3EB84C-D1B0-4B5C-9406-DFFA9BC5A5FC}.Debug|x86.ActiveCfg = Debug|Any CPU
		{FC3EB84C-D1B0-4B5C-9406-DFFA9BC5A5FC}.Debug|x86.Build.0 = Debug|Any CPU
		{FC3EB84C-D1B0-4B5C-9406-DFFA9BC5A5FC}.DebugLocal|Any CPU.ActiveCfg = Debug|Any CPU
		{FC3EB84C-D1B0-4B5C-9406-DFFA9BC5A5FC}.DebugLocal|Any CPU.Build.0 = Debug|Any CPU
		{FC3EB84C-D1B0-4B5C-9406-DFFA9BC5A5FC}.DebugLocal|x86.ActiveCfg = Debug|Any CPU
		{FC3EB84C-D1B0-4B5C-9406-DFFA9BC5A5FC}.DebugLocal|x86.Build.0 = Debug|Any CPU
		{FC3EB84C-D1B0-4B5C-9406-DFFA9BC5A5FC}.Release|Any CPU.ActiveCfg = Release|Any CPU
		{FC3EB84C-D1B0-4B5C-9406-DFFA9BC5A5FC}.Release|Any CPU.Build.0 = Release|Any CPU
		{FC3EB84C-D1B0-4B5C-9406-DFFA9BC5A5FC}.Release|x86.ActiveCfg = Release|Any CPU
		{FC3EB84C-D1B0-4B5C-9406-DFFA9BC5A5FC}.Release|x86.Build.0 = Release|Any CPU
		{5669A80C-19D9-4DBE-BF5A-BBFCBF947634}.Debug|Any CPU.ActiveCfg = Debug|Any CPU
		{5669A80C-19D9-4DBE-BF5A-BBFCBF947634}.Debug|Any CPU.Build.0 = Debug|Any CPU
		{5669A80C-19D9-4DBE-BF5A-BBFCBF947634}.Debug|x86.ActiveCfg = Debug|Any CPU
		{5669A80C-19D9-4DBE-BF5A-BBFCBF947634}.Debug|x86.Build.0 = Debug|Any CPU
		{5669A80C-19D9-4DBE-BF5A-BBFCBF947634}.DebugLocal|Any CPU.ActiveCfg = Debug|Any CPU
		{5669A80C-19D9-4DBE-BF5A-BBFCBF947634}.DebugLocal|Any CPU.Build.0 = Debug|Any CPU
		{5669A80C-19D9-4DBE-BF5A-BBFCBF947634}.DebugLocal|x86.ActiveCfg = Debug|Any CPU
		{5669A80C-19D9-4DBE-BF5A-BBFCBF947634}.DebugLocal|x86.Build.0 = Debug|Any CPU
		{5669A80C-19D9-4DBE-BF5A-BBFCBF947634}.Release|Any CPU.ActiveCfg = Release|Any CPU
		{5669A80C-19D9-4DBE-BF5A-BBFCBF947634}.Release|Any CPU.Build.0 = Release|Any CPU
		{5669A80C-19D9-4DBE-BF5A-BBFCBF947634}.Release|x86.ActiveCfg = Release|Any CPU
		{5669A80C-19D9-4DBE-BF5A-BBFCBF947634}.Release|x86.Build.0 = Release|Any CPU
		{97FBBC51-9569-4128-B1BC-989CC832D00F}.Debug|Any CPU.ActiveCfg = Debug|Any CPU
		{97FBBC51-9569-4128-B1BC-989CC832D00F}.Debug|Any CPU.Build.0 = Debug|Any CPU
		{97FBBC51-9569-4128-B1BC-989CC832D00F}.Debug|x86.ActiveCfg = Debug|Any CPU
		{97FBBC51-9569-4128-B1BC-989CC832D00F}.Debug|x86.Build.0 = Debug|Any CPU
		{97FBBC51-9569-4128-B1BC-989CC832D00F}.DebugLocal|Any CPU.ActiveCfg = Debug|Any CPU
		{97FBBC51-9569-4128-B1BC-989CC832D00F}.DebugLocal|Any CPU.Build.0 = Debug|Any CPU
		{97FBBC51-9569-4128-B1BC-989CC832D00F}.DebugLocal|x86.ActiveCfg = Debug|Any CPU
		{97FBBC51-9569-4128-B1BC-989CC832D00F}.DebugLocal|x86.Build.0 = Debug|Any CPU
		{97FBBC51-9569-4128-B1BC-989CC832D00F}.Release|Any CPU.ActiveCfg = Release|Any CPU
		{97FBBC51-9569-4128-B1BC-989CC832D00F}.Release|Any CPU.Build.0 = Release|Any CPU
		{97FBBC51-9569-4128-B1BC-989CC832D00F}.Release|x86.ActiveCfg = Release|Any CPU
		{97FBBC51-9569-4128-B1BC-989CC832D00F}.Release|x86.Build.0 = Release|Any CPU
		{C98754D7-9A6D-4D2F-B322-4CC1AC5D98B8}.Debug|Any CPU.ActiveCfg = Debug|Any CPU
		{C98754D7-9A6D-4D2F-B322-4CC1AC5D98B8}.Debug|Any CPU.Build.0 = Debug|Any CPU
		{C98754D7-9A6D-4D2F-B322-4CC1AC5D98B8}.Debug|x86.ActiveCfg = Debug|Any CPU
		{C98754D7-9A6D-4D2F-B322-4CC1AC5D98B8}.Debug|x86.Build.0 = Debug|Any CPU
		{C98754D7-9A6D-4D2F-B322-4CC1AC5D98B8}.DebugLocal|Any CPU.ActiveCfg = Debug|Any CPU
		{C98754D7-9A6D-4D2F-B322-4CC1AC5D98B8}.DebugLocal|Any CPU.Build.0 = Debug|Any CPU
		{C98754D7-9A6D-4D2F-B322-4CC1AC5D98B8}.DebugLocal|x86.ActiveCfg = Debug|Any CPU
		{C98754D7-9A6D-4D2F-B322-4CC1AC5D98B8}.DebugLocal|x86.Build.0 = Debug|Any CPU
		{C98754D7-9A6D-4D2F-B322-4CC1AC5D98B8}.Release|Any CPU.ActiveCfg = Release|Any CPU
		{C98754D7-9A6D-4D2F-B322-4CC1AC5D98B8}.Release|Any CPU.Build.0 = Release|Any CPU
		{C98754D7-9A6D-4D2F-B322-4CC1AC5D98B8}.Release|x86.ActiveCfg = Release|Any CPU
		{C98754D7-9A6D-4D2F-B322-4CC1AC5D98B8}.Release|x86.Build.0 = Release|Any CPU
		{D451D8D4-DC69-42A8-BAAC-97363C35F478}.Debug|Any CPU.ActiveCfg = Debug|Any CPU
		{D451D8D4-DC69-42A8-BAAC-97363C35F478}.Debug|Any CPU.Build.0 = Debug|Any CPU
		{D451D8D4-DC69-42A8-BAAC-97363C35F478}.Debug|x86.ActiveCfg = Debug|Any CPU
		{D451D8D4-DC69-42A8-BAAC-97363C35F478}.Debug|x86.Build.0 = Debug|Any CPU
		{D451D8D4-DC69-42A8-BAAC-97363C35F478}.DebugLocal|Any CPU.ActiveCfg = Debug|Any CPU
		{D451D8D4-DC69-42A8-BAAC-97363C35F478}.DebugLocal|Any CPU.Build.0 = Debug|Any CPU
		{D451D8D4-DC69-42A8-BAAC-97363C35F478}.DebugLocal|x86.ActiveCfg = Debug|Any CPU
		{D451D8D4-DC69-42A8-BAAC-97363C35F478}.DebugLocal|x86.Build.0 = Debug|Any CPU
		{D451D8D4-DC69-42A8-BAAC-97363C35F478}.Release|Any CPU.ActiveCfg = Release|Any CPU
		{D451D8D4-DC69-42A8-BAAC-97363C35F478}.Release|Any CPU.Build.0 = Release|Any CPU
		{D451D8D4-DC69-42A8-BAAC-97363C35F478}.Release|x86.ActiveCfg = Release|Any CPU
		{D451D8D4-DC69-42A8-BAAC-97363C35F478}.Release|x86.Build.0 = Release|Any CPU
		{F0D0AA88-A042-465A-AE22-BF641B3A16AD}.Debug|Any CPU.ActiveCfg = Debug|Any CPU
		{F0D0AA88-A042-465A-AE22-BF641B3A16AD}.Debug|Any CPU.Build.0 = Debug|Any CPU
		{F0D0AA88-A042-465A-AE22-BF641B3A16AD}.Debug|x86.ActiveCfg = Debug|Any CPU
		{F0D0AA88-A042-465A-AE22-BF641B3A16AD}.Debug|x86.Build.0 = Debug|Any CPU
		{F0D0AA88-A042-465A-AE22-BF641B3A16AD}.DebugLocal|Any CPU.ActiveCfg = Debug|Any CPU
		{F0D0AA88-A042-465A-AE22-BF641B3A16AD}.DebugLocal|Any CPU.Build.0 = Debug|Any CPU
		{F0D0AA88-A042-465A-AE22-BF641B3A16AD}.DebugLocal|x86.ActiveCfg = Debug|Any CPU
		{F0D0AA88-A042-465A-AE22-BF641B3A16AD}.DebugLocal|x86.Build.0 = Debug|Any CPU
		{F0D0AA88-A042-465A-AE22-BF641B3A16AD}.Release|Any CPU.ActiveCfg = Release|Any CPU
		{F0D0AA88-A042-465A-AE22-BF641B3A16AD}.Release|Any CPU.Build.0 = Release|Any CPU
		{F0D0AA88-A042-465A-AE22-BF641B3A16AD}.Release|x86.ActiveCfg = Release|Any CPU
		{F0D0AA88-A042-465A-AE22-BF641B3A16AD}.Release|x86.Build.0 = Release|Any CPU
		{0C297D84-7AC0-41B0-BEA8-63F0916758D7}.Debug|Any CPU.ActiveCfg = Debug|Any CPU
		{0C297D84-7AC0-41B0-BEA8-63F0916758D7}.Debug|Any CPU.Build.0 = Debug|Any CPU
		{0C297D84-7AC0-41B0-BEA8-63F0916758D7}.Debug|x86.ActiveCfg = Debug|Any CPU
		{0C297D84-7AC0-41B0-BEA8-63F0916758D7}.Debug|x86.Build.0 = Debug|Any CPU
		{0C297D84-7AC0-41B0-BEA8-63F0916758D7}.DebugLocal|Any CPU.ActiveCfg = Debug|Any CPU
		{0C297D84-7AC0-41B0-BEA8-63F0916758D7}.DebugLocal|Any CPU.Build.0 = Debug|Any CPU
		{0C297D84-7AC0-41B0-BEA8-63F0916758D7}.DebugLocal|x86.ActiveCfg = Debug|Any CPU
		{0C297D84-7AC0-41B0-BEA8-63F0916758D7}.DebugLocal|x86.Build.0 = Debug|Any CPU
		{0C297D84-7AC0-41B0-BEA8-63F0916758D7}.Release|Any CPU.ActiveCfg = Release|Any CPU
		{0C297D84-7AC0-41B0-BEA8-63F0916758D7}.Release|Any CPU.Build.0 = Release|Any CPU
		{0C297D84-7AC0-41B0-BEA8-63F0916758D7}.Release|x86.ActiveCfg = Release|Any CPU
		{0C297D84-7AC0-41B0-BEA8-63F0916758D7}.Release|x86.Build.0 = Release|Any CPU
		{604310B3-1F1C-440E-BCEA-88ADC0701D8A}.Debug|Any CPU.ActiveCfg = Debug|Any CPU
		{604310B3-1F1C-440E-BCEA-88ADC0701D8A}.Debug|Any CPU.Build.0 = Debug|Any CPU
		{604310B3-1F1C-440E-BCEA-88ADC0701D8A}.Debug|x86.ActiveCfg = Debug|Any CPU
		{604310B3-1F1C-440E-BCEA-88ADC0701D8A}.Debug|x86.Build.0 = Debug|Any CPU
		{604310B3-1F1C-440E-BCEA-88ADC0701D8A}.DebugLocal|Any CPU.ActiveCfg = Debug|Any CPU
		{604310B3-1F1C-440E-BCEA-88ADC0701D8A}.DebugLocal|Any CPU.Build.0 = Debug|Any CPU
		{604310B3-1F1C-440E-BCEA-88ADC0701D8A}.DebugLocal|x86.ActiveCfg = Debug|Any CPU
		{604310B3-1F1C-440E-BCEA-88ADC0701D8A}.DebugLocal|x86.Build.0 = Debug|Any CPU
		{604310B3-1F1C-440E-BCEA-88ADC0701D8A}.Release|Any CPU.ActiveCfg = Release|Any CPU
		{604310B3-1F1C-440E-BCEA-88ADC0701D8A}.Release|Any CPU.Build.0 = Release|Any CPU
		{604310B3-1F1C-440E-BCEA-88ADC0701D8A}.Release|x86.ActiveCfg = Release|Any CPU
		{604310B3-1F1C-440E-BCEA-88ADC0701D8A}.Release|x86.Build.0 = Release|Any CPU
		{59D8C4D8-1EF6-4F48-8B8A-A4EF29170DD0}.Debug|Any CPU.ActiveCfg = Debug|Any CPU
		{59D8C4D8-1EF6-4F48-8B8A-A4EF29170DD0}.Debug|Any CPU.Build.0 = Debug|Any CPU
		{59D8C4D8-1EF6-4F48-8B8A-A4EF29170DD0}.Debug|x86.ActiveCfg = Debug|Any CPU
		{59D8C4D8-1EF6-4F48-8B8A-A4EF29170DD0}.Debug|x86.Build.0 = Debug|Any CPU
		{59D8C4D8-1EF6-4F48-8B8A-A4EF29170DD0}.DebugLocal|Any CPU.ActiveCfg = Debug|Any CPU
		{59D8C4D8-1EF6-4F48-8B8A-A4EF29170DD0}.DebugLocal|Any CPU.Build.0 = Debug|Any CPU
		{59D8C4D8-1EF6-4F48-8B8A-A4EF29170DD0}.DebugLocal|x86.ActiveCfg = Debug|Any CPU
		{59D8C4D8-1EF6-4F48-8B8A-A4EF29170DD0}.DebugLocal|x86.Build.0 = Debug|Any CPU
		{59D8C4D8-1EF6-4F48-8B8A-A4EF29170DD0}.Release|Any CPU.ActiveCfg = Release|Any CPU
		{59D8C4D8-1EF6-4F48-8B8A-A4EF29170DD0}.Release|Any CPU.Build.0 = Release|Any CPU
		{59D8C4D8-1EF6-4F48-8B8A-A4EF29170DD0}.Release|x86.ActiveCfg = Release|Any CPU
		{59D8C4D8-1EF6-4F48-8B8A-A4EF29170DD0}.Release|x86.Build.0 = Release|Any CPU
		{2CD6E69F-D473-48BA-94BB-621239957BBB}.Debug|Any CPU.ActiveCfg = Debug|Any CPU
		{2CD6E69F-D473-48BA-94BB-621239957BBB}.Debug|Any CPU.Build.0 = Debug|Any CPU
		{2CD6E69F-D473-48BA-94BB-621239957BBB}.Debug|x86.ActiveCfg = Debug|Any CPU
		{2CD6E69F-D473-48BA-94BB-621239957BBB}.Debug|x86.Build.0 = Debug|Any CPU
		{2CD6E69F-D473-48BA-94BB-621239957BBB}.DebugLocal|Any CPU.ActiveCfg = Debug|Any CPU
		{2CD6E69F-D473-48BA-94BB-621239957BBB}.DebugLocal|Any CPU.Build.0 = Debug|Any CPU
		{2CD6E69F-D473-48BA-94BB-621239957BBB}.DebugLocal|x86.ActiveCfg = Debug|Any CPU
		{2CD6E69F-D473-48BA-94BB-621239957BBB}.DebugLocal|x86.Build.0 = Debug|Any CPU
		{2CD6E69F-D473-48BA-94BB-621239957BBB}.Release|Any CPU.ActiveCfg = Release|Any CPU
		{2CD6E69F-D473-48BA-94BB-621239957BBB}.Release|Any CPU.Build.0 = Release|Any CPU
		{2CD6E69F-D473-48BA-94BB-621239957BBB}.Release|x86.ActiveCfg = Release|Any CPU
		{2CD6E69F-D473-48BA-94BB-621239957BBB}.Release|x86.Build.0 = Release|Any CPU
		{C5145229-F6C8-432B-BF35-C8A2EBC2295F}.Debug|Any CPU.ActiveCfg = Debug|Any CPU
		{C5145229-F6C8-432B-BF35-C8A2EBC2295F}.Debug|Any CPU.Build.0 = Debug|Any CPU
		{C5145229-F6C8-432B-BF35-C8A2EBC2295F}.Debug|x86.ActiveCfg = Debug|Any CPU
		{C5145229-F6C8-432B-BF35-C8A2EBC2295F}.Debug|x86.Build.0 = Debug|Any CPU
		{C5145229-F6C8-432B-BF35-C8A2EBC2295F}.DebugLocal|Any CPU.ActiveCfg = Debug|Any CPU
		{C5145229-F6C8-432B-BF35-C8A2EBC2295F}.DebugLocal|Any CPU.Build.0 = Debug|Any CPU
		{C5145229-F6C8-432B-BF35-C8A2EBC2295F}.DebugLocal|x86.ActiveCfg = Debug|Any CPU
		{C5145229-F6C8-432B-BF35-C8A2EBC2295F}.DebugLocal|x86.Build.0 = Debug|Any CPU
		{C5145229-F6C8-432B-BF35-C8A2EBC2295F}.Release|Any CPU.ActiveCfg = Release|Any CPU
		{C5145229-F6C8-432B-BF35-C8A2EBC2295F}.Release|Any CPU.Build.0 = Release|Any CPU
		{C5145229-F6C8-432B-BF35-C8A2EBC2295F}.Release|x86.ActiveCfg = Release|Any CPU
		{C5145229-F6C8-432B-BF35-C8A2EBC2295F}.Release|x86.Build.0 = Release|Any CPU
		{A38779D7-8A28-4F55-A803-A20F518E9339}.Debug|Any CPU.ActiveCfg = Debug|Any CPU
		{A38779D7-8A28-4F55-A803-A20F518E9339}.Debug|Any CPU.Build.0 = Debug|Any CPU
		{A38779D7-8A28-4F55-A803-A20F518E9339}.Debug|x86.ActiveCfg = Debug|Any CPU
		{A38779D7-8A28-4F55-A803-A20F518E9339}.Debug|x86.Build.0 = Debug|Any CPU
		{A38779D7-8A28-4F55-A803-A20F518E9339}.DebugLocal|Any CPU.ActiveCfg = Debug|Any CPU
		{A38779D7-8A28-4F55-A803-A20F518E9339}.DebugLocal|Any CPU.Build.0 = Debug|Any CPU
		{A38779D7-8A28-4F55-A803-A20F518E9339}.DebugLocal|x86.ActiveCfg = Debug|Any CPU
		{A38779D7-8A28-4F55-A803-A20F518E9339}.DebugLocal|x86.Build.0 = Debug|Any CPU
		{A38779D7-8A28-4F55-A803-A20F518E9339}.Release|Any CPU.ActiveCfg = Release|Any CPU
		{A38779D7-8A28-4F55-A803-A20F518E9339}.Release|Any CPU.Build.0 = Release|Any CPU
		{A38779D7-8A28-4F55-A803-A20F518E9339}.Release|x86.ActiveCfg = Release|Any CPU
		{A38779D7-8A28-4F55-A803-A20F518E9339}.Release|x86.Build.0 = Release|Any CPU
		{C1A67853-21DB-47EA-BD92-AAAF976812FB}.Debug|Any CPU.ActiveCfg = Debug|Any CPU
		{C1A67853-21DB-47EA-BD92-AAAF976812FB}.Debug|Any CPU.Build.0 = Debug|Any CPU
		{C1A67853-21DB-47EA-BD92-AAAF976812FB}.Debug|x86.ActiveCfg = Debug|Any CPU
		{C1A67853-21DB-47EA-BD92-AAAF976812FB}.Debug|x86.Build.0 = Debug|Any CPU
		{C1A67853-21DB-47EA-BD92-AAAF976812FB}.DebugLocal|Any CPU.ActiveCfg = Debug|Any CPU
		{C1A67853-21DB-47EA-BD92-AAAF976812FB}.DebugLocal|Any CPU.Build.0 = Debug|Any CPU
		{C1A67853-21DB-47EA-BD92-AAAF976812FB}.DebugLocal|x86.ActiveCfg = Debug|Any CPU
		{C1A67853-21DB-47EA-BD92-AAAF976812FB}.DebugLocal|x86.Build.0 = Debug|Any CPU
		{C1A67853-21DB-47EA-BD92-AAAF976812FB}.Release|Any CPU.ActiveCfg = Release|Any CPU
		{C1A67853-21DB-47EA-BD92-AAAF976812FB}.Release|Any CPU.Build.0 = Release|Any CPU
		{C1A67853-21DB-47EA-BD92-AAAF976812FB}.Release|x86.ActiveCfg = Release|Any CPU
		{C1A67853-21DB-47EA-BD92-AAAF976812FB}.Release|x86.Build.0 = Release|Any CPU
		{BE3AD1CB-8066-444A-A8CC-6483319C35CE}.Debug|Any CPU.ActiveCfg = Debug|Any CPU
		{BE3AD1CB-8066-444A-A8CC-6483319C35CE}.Debug|Any CPU.Build.0 = Debug|Any CPU
		{BE3AD1CB-8066-444A-A8CC-6483319C35CE}.Debug|x86.ActiveCfg = Debug|Any CPU
		{BE3AD1CB-8066-444A-A8CC-6483319C35CE}.Debug|x86.Build.0 = Debug|Any CPU
		{BE3AD1CB-8066-444A-A8CC-6483319C35CE}.DebugLocal|Any CPU.ActiveCfg = Debug|Any CPU
		{BE3AD1CB-8066-444A-A8CC-6483319C35CE}.DebugLocal|Any CPU.Build.0 = Debug|Any CPU
		{BE3AD1CB-8066-444A-A8CC-6483319C35CE}.DebugLocal|x86.ActiveCfg = Debug|Any CPU
		{BE3AD1CB-8066-444A-A8CC-6483319C35CE}.DebugLocal|x86.Build.0 = Debug|Any CPU
		{BE3AD1CB-8066-444A-A8CC-6483319C35CE}.Release|Any CPU.ActiveCfg = Release|Any CPU
		{BE3AD1CB-8066-444A-A8CC-6483319C35CE}.Release|Any CPU.Build.0 = Release|Any CPU
		{BE3AD1CB-8066-444A-A8CC-6483319C35CE}.Release|x86.ActiveCfg = Release|Any CPU
		{BE3AD1CB-8066-444A-A8CC-6483319C35CE}.Release|x86.Build.0 = Release|Any CPU
	EndGlobalSection
	GlobalSection(SolutionProperties) = preSolution
		HideSolutionNode = FALSE
	EndGlobalSection
	GlobalSection(NestedProjects) = preSolution
		{4A312E8C-FE94-4996-B2B4-55C9854075C8} = {F1A31AC8-6688-4F6C-A0BB-7A02998BB3BA}
		{AB549757-6EB2-4A4A-BD87-320D9AB98301} = {F1A31AC8-6688-4F6C-A0BB-7A02998BB3BA}
		{C2E44C89-7521-4B30-B522-BECD525B1E51} = {F1A31AC8-6688-4F6C-A0BB-7A02998BB3BA}
		{97FBBC51-9569-4128-B1BC-989CC832D00F} = {FF88BAC9-59D9-47C1-BC0B-34A3FBE13B87}
		{C98754D7-9A6D-4D2F-B322-4CC1AC5D98B8} = {FF88BAC9-59D9-47C1-BC0B-34A3FBE13B87}
		{F0D0AA88-A042-465A-AE22-BF641B3A16AD} = {F1A31AC8-6688-4F6C-A0BB-7A02998BB3BA}
		{0C297D84-7AC0-41B0-BEA8-63F0916758D7} = {F1A31AC8-6688-4F6C-A0BB-7A02998BB3BA}
		{604310B3-1F1C-440E-BCEA-88ADC0701D8A} = {F1A31AC8-6688-4F6C-A0BB-7A02998BB3BA}
		{C1A67853-21DB-47EA-BD92-AAAF976812FB} = {F1A31AC8-6688-4F6C-A0BB-7A02998BB3BA}
	EndGlobalSection
	GlobalSection(ExtensibilityGlobals) = postSolution
		SolutionGuid = {9F01F222-18F6-4F4E-8767-A858D379C71E}
	EndGlobalSection
EndGlobal
